{
    "_readme": [
        "This file locks the dependencies of your project to a known state",
        "Read more about it at https://getcomposer.org/doc/01-basic-usage.md#installing-dependencies",
        "This file is @generated automatically"
    ],
    "content-hash": "8dc527bb53acb425eefe4d7784479b2d",
    "packages": [
        {
            "name": "brick/math",
            "version": "0.13.1",
            "source": {
                "type": "git",
                "url": "https://github.com/brick/math.git",
                "reference": "fc7ed316430118cc7836bf45faff18d5dfc8de04"
            },
            "dist": {
                "type": "zip",
                "url": "https://api.github.com/repos/brick/math/zipball/fc7ed316430118cc7836bf45faff18d5dfc8de04",
                "reference": "fc7ed316430118cc7836bf45faff18d5dfc8de04",
                "shasum": ""
            },
            "require": {
                "php": "^8.1"
            },
            "require-dev": {
                "php-coveralls/php-coveralls": "^2.2",
                "phpunit/phpunit": "^10.1",
                "vimeo/psalm": "6.8.8"
            },
            "type": "library",
            "autoload": {
                "psr-4": {
                    "Brick\\Math\\": "src/"
                }
            },
            "notification-url": "https://packagist.org/downloads/",
            "license": [
                "MIT"
            ],
            "description": "Arbitrary-precision arithmetic library",
            "keywords": [
                "Arbitrary-precision",
                "BigInteger",
                "BigRational",
                "arithmetic",
                "bigdecimal",
                "bignum",
                "bignumber",
                "brick",
                "decimal",
                "integer",
                "math",
                "mathematics",
                "rational"
            ],
            "support": {
                "issues": "https://github.com/brick/math/issues",
                "source": "https://github.com/brick/math/tree/0.13.1"
            },
            "funding": [
                {
                    "url": "https://github.com/BenMorel",
                    "type": "github"
                }
            ],
            "time": "2025-03-29T13:50:30+00:00"
        },
        {
            "name": "charcoal-dev/buffers",
            "version": "0.1.0",
            "source": {
                "type": "git",
                "url": "https://github.com/charcoal-dev/buffers.git",
                "reference": "3ff43a0bf1df3297d0d0dc2df68a2429306d006a"
            },
            "dist": {
                "type": "zip",
                "url": "https://api.github.com/repos/charcoal-dev/buffers/zipball/3ff43a0bf1df3297d0d0dc2df68a2429306d006a",
                "reference": "3ff43a0bf1df3297d0d0dc2df68a2429306d006a",
                "shasum": ""
            },
            "require": {
                "charcoal-dev/gmp-adapter": "^0.0.1",
                "ext-gmp": "*",
                "php": "^8.1"
            },
            "type": "library",
            "autoload": {
                "psr-4": {
                    "Charcoal\\Buffers\\": [
                        "src"
                    ]
                }
            },
            "notification-url": "https://packagist.org/downloads/",
            "license": [
                "MIT"
            ],
            "authors": [
                {
                    "name": "Furqan A. Siddiqui",
                    "email": "hello@furqansiddiqui.com",
                    "homepage": "https://www.furqansiddiqui.com",
                    "role": "Author"
                }
            ],
            "description": "Byte Array Buffers for Charcoal PHP Apps",
            "homepage": "https://github.com/charcoal-dev/buffers",
            "support": {
                "issues": "https://github.com/charcoal-dev/buffers/issues",
                "source": "https://github.com/charcoal-dev/buffers/tree/0.1.0"
            },
            "time": "2024-08-04T12:41:41+00:00"
        },
        {
            "name": "charcoal-dev/gmp-adapter",
            "version": "0.0.1",
            "source": {
                "type": "git",
                "url": "https://github.com/charcoal-dev/gmp-adapter.git",
                "reference": "35f72a52eb3c9f9cc1eace85431a1c4467f5dfd8"
            },
            "dist": {
                "type": "zip",
                "url": "https://api.github.com/repos/charcoal-dev/gmp-adapter/zipball/35f72a52eb3c9f9cc1eace85431a1c4467f5dfd8",
                "reference": "35f72a52eb3c9f9cc1eace85431a1c4467f5dfd8",
                "shasum": ""
            },
            "require": {
                "ext-gmp": "*",
                "php": "^8.1"
            },
            "type": "library",
            "autoload": {
                "psr-4": {
                    "Charcoal\\Adapters\\GMP\\": [
                        "src"
                    ]
                }
            },
            "notification-url": "https://packagist.org/downloads/",
            "license": [
                "MIT"
            ],
            "authors": [
                {
                    "name": "Furqan A. Siddiqui",
                    "email": "hello@furqansiddiqui.com",
                    "homepage": "https://www.furqansiddiqui.com",
                    "role": "Author"
                }
            ],
            "description": "Provides BigInteger class to Charcoal Apps",
            "homepage": "https://github.com/charcoal-dev/gmp-adapter",
            "support": {
                "issues": "https://github.com/charcoal-dev/gmp-adapter/issues",
                "source": "https://github.com/charcoal-dev/gmp-adapter/tree/0.0.1"
            },
            "time": "2023-08-11T11:54:13+00:00"
        },
        {
            "name": "fgrosse/phpasn1",
            "version": "v2.5.0",
            "source": {
                "type": "git",
                "url": "https://github.com/fgrosse/PHPASN1.git",
                "reference": "42060ed45344789fb9f21f9f1864fc47b9e3507b"
            },
            "dist": {
                "type": "zip",
                "url": "https://api.github.com/repos/fgrosse/PHPASN1/zipball/42060ed45344789fb9f21f9f1864fc47b9e3507b",
                "reference": "42060ed45344789fb9f21f9f1864fc47b9e3507b",
                "shasum": ""
            },
            "require": {
                "php": "^7.1 || ^8.0"
            },
            "require-dev": {
                "php-coveralls/php-coveralls": "~2.0",
                "phpunit/phpunit": "^7.0 || ^8.0 || ^9.0"
            },
            "suggest": {
                "ext-bcmath": "BCmath is the fallback extension for big integer calculations",
                "ext-curl": "For loading OID information from the web if they have not bee defined statically",
                "ext-gmp": "GMP is the preferred extension for big integer calculations",
                "phpseclib/bcmath_compat": "BCmath polyfill for servers where neither GMP nor BCmath is available"
            },
            "type": "library",
            "extra": {
                "branch-alias": {
                    "dev-master": "2.0.x-dev"
                }
            },
            "autoload": {
                "psr-4": {
                    "FG\\": "lib/"
                }
            },
            "notification-url": "https://packagist.org/downloads/",
            "license": [
                "MIT"
            ],
            "authors": [
                {
                    "name": "Friedrich Große",
                    "email": "friedrich.grosse@gmail.com",
                    "homepage": "https://github.com/FGrosse",
                    "role": "Author"
                },
                {
                    "name": "All contributors",
                    "homepage": "https://github.com/FGrosse/PHPASN1/contributors"
                }
            ],
            "description": "A PHP Framework that allows you to encode and decode arbitrary ASN.1 structures using the ITU-T X.690 Encoding Rules.",
            "homepage": "https://github.com/FGrosse/PHPASN1",
            "keywords": [
                "DER",
                "asn.1",
                "asn1",
                "ber",
                "binary",
                "decoding",
                "encoding",
                "x.509",
                "x.690",
                "x509",
                "x690"
            ],
            "support": {
                "issues": "https://github.com/fgrosse/PHPASN1/issues",
                "source": "https://github.com/fgrosse/PHPASN1/tree/v2.5.0"
            },
            "abandoned": true,
            "time": "2022-12-19T11:08:26+00:00"
        },
        {
            "name": "furqansiddiqui/bip39-mnemonic-php",
            "version": "0.2.1",
            "source": {
                "type": "git",
                "url": "https://github.com/furqansiddiqui/bip39-mnemonic-php.git",
                "reference": "959737534d36acc63aa4f2c2dc7fdab3e0246b91"
            },
            "dist": {
                "type": "zip",
                "url": "https://api.github.com/repos/furqansiddiqui/bip39-mnemonic-php/zipball/959737534d36acc63aa4f2c2dc7fdab3e0246b91",
                "reference": "959737534d36acc63aa4f2c2dc7fdab3e0246b91",
                "shasum": ""
            },
            "require": {
                "charcoal-dev/buffers": "^0.1.0",
                "ext-mbstring": "*",
                "php-64bit": "^8.2"
            },
            "type": "library",
            "autoload": {
                "psr-4": {
                    "FurqanSiddiqui\\BIP39\\": [
                        "src"
                    ]
                }
            },
            "notification-url": "https://packagist.org/downloads/",
            "license": [
                "MIT"
            ],
            "description": "BIP39 Mnemonics implementation in PHP",
            "keywords": [
                "BIP-0039",
                "bip39",
                "mnemonics"
            ],
            "support": {
                "issues": "https://github.com/furqansiddiqui/bip39-mnemonic-php/issues",
                "source": "https://github.com/furqansiddiqui/bip39-mnemonic-php/tree/0.2.1"
            },
            "time": "2024-08-04T14:24:32+00:00"
        },
        {
            "name": "genkgo/php-asn1",
            "version": "v2.8.0",
            "source": {
                "type": "git",
                "url": "https://github.com/genkgo/php-asn1.git",
                "reference": "4de712c68bbf51c00551cb45f55642e30fed1fdb"
            },
            "dist": {
                "type": "zip",
                "url": "https://api.github.com/repos/genkgo/php-asn1/zipball/4de712c68bbf51c00551cb45f55642e30fed1fdb",
                "reference": "4de712c68bbf51c00551cb45f55642e30fed1fdb",
                "shasum": ""
            },
            "require": {
                "php": "~8.1.0 || ~8.2.0 || ~8.3.0 || ~8.4.0"
            },
            "require-dev": {
                "php-coveralls/php-coveralls": "~2.0",
                "phpunit/phpunit": "^9.0"
            },
            "suggest": {
                "ext-bcmath": "BCmath is the fallback extension for big integer calculations",
                "ext-curl": "For loading OID information from the web if they have not bee defined statically",
                "ext-gmp": "GMP is the preferred extension for big integer calculations",
                "phpseclib/bcmath_compat": "BCmath polyfill for servers where neither GMP nor BCmath is available"
            },
            "type": "library",
            "extra": {
                "branch-alias": {
                    "dev-master": "2.0.x-dev"
                }
            },
            "autoload": {
                "psr-4": {
                    "FG\\": "lib/"
                }
            },
            "notification-url": "https://packagist.org/downloads/",
            "license": [
                "MIT"
            ],
            "authors": [
                {
                    "name": "Frederik Bosch",
                    "email": "f.bosch@genkgo.nl",
                    "role": "Author"
                },
                {
                    "name": "Friedrich Große",
                    "email": "friedrich.grosse@gmail.com",
                    "homepage": "https://github.com/FGrosse",
                    "role": "Author"
                },
                {
                    "name": "All contributors",
                    "homepage": "https://github.com/genkgo/php-asn1/contributors"
                }
            ],
            "description": "A PHP Framework that allows you to encode and decode arbitrary ASN.1 structures using the ITU-T X.690 Encoding Rules.",
            "homepage": "https://github.com/FGrosse/PHPASN1",
            "keywords": [
                "DER",
                "asn.1",
                "asn1",
                "ber",
                "binary",
                "decoding",
                "encoding",
                "x.509",
                "x.690",
                "x509",
                "x690"
            ],
            "support": {
                "issues": "https://github.com/genkgo/php-asn1/issues",
                "source": "https://github.com/genkgo/php-asn1/tree/v2.8.0"
            },
            "time": "2025-02-12T20:20:53+00:00"
        },
        {
            "name": "illuminate/contracts",
            "version": "v12.17.0",
            "source": {
                "type": "git",
                "url": "https://github.com/illuminate/contracts.git",
                "reference": "b559b9840344cc02cb142a5d72132a2c928f2e5c"
            },
            "dist": {
                "type": "zip",
                "url": "https://api.github.com/repos/illuminate/contracts/zipball/b559b9840344cc02cb142a5d72132a2c928f2e5c",
                "reference": "b559b9840344cc02cb142a5d72132a2c928f2e5c",
                "shasum": ""
            },
            "require": {
                "php": "^8.2",
                "psr/container": "^1.1.1|^2.0.1",
                "psr/simple-cache": "^1.0|^2.0|^3.0"
            },
            "type": "library",
            "extra": {
                "branch-alias": {
                    "dev-master": "12.x-dev"
                }
            },
            "autoload": {
                "psr-4": {
                    "Illuminate\\Contracts\\": ""
                }
            },
            "notification-url": "https://packagist.org/downloads/",
            "license": [
                "MIT"
            ],
            "authors": [
                {
                    "name": "Taylor Otwell",
                    "email": "taylor@laravel.com"
                }
            ],
            "description": "The Illuminate Contracts package.",
            "homepage": "https://laravel.com",
            "support": {
                "issues": "https://github.com/laravel/framework/issues",
                "source": "https://github.com/laravel/framework"
            },
            "time": "2025-05-13T15:08:45+00:00"
        },
        {
            "name": "kornrunner/ethereum-address",
            "version": "v0.3.0",
            "source": {
                "type": "git",
                "url": "https://github.com/kornrunner/php-ethereum-address.git",
                "reference": "89197ed3992d74f0de76702cd82ec32d1264dad9"
            },
            "dist": {
                "type": "zip",
                "url": "https://api.github.com/repos/kornrunner/php-ethereum-address/zipball/89197ed3992d74f0de76702cd82ec32d1264dad9",
                "reference": "89197ed3992d74f0de76702cd82ec32d1264dad9",
                "shasum": ""
            },
            "require": {
                "kornrunner/keccak": "^1.0",
                "mdanter/ecc": "^1",
                "php": ">=7.3"
            },
            "require-dev": {
                "phpunit/phpunit": "^9"
            },
            "type": "library",
            "autoload": {
                "psr-4": {
                    "kornrunner\\Ethereum\\": "src"
                }
            },
            "notification-url": "https://packagist.org/downloads/",
            "license": [
                "MIT"
            ],
            "authors": [
                {
                    "name": "Boris Momčilović",
                    "email": "boris.momcilovic@gmail.com"
                }
            ],
            "description": "Pure PHP Ethereum Address Generator / Validator",
            "support": {
                "issues": "https://github.com/kornrunner/php-ethereum-address/issues",
                "source": "https://github.com/kornrunner/php-ethereum-address/tree/v0.3.0"
            },
            "time": "2021-03-25T11:44:33+00:00"
        },
        {
            "name": "kornrunner/ethereum-offline-raw-tx",
            "version": "0.8.0",
            "source": {
                "type": "git",
                "url": "https://github.com/kornrunner/php-ethereum-offline-raw-tx.git",
                "reference": "c58d8f199e6a4f22b53a2e6e1efcd03257ed74d2"
            },
            "dist": {
                "type": "zip",
                "url": "https://api.github.com/repos/kornrunner/php-ethereum-offline-raw-tx/zipball/c58d8f199e6a4f22b53a2e6e1efcd03257ed74d2",
                "reference": "c58d8f199e6a4f22b53a2e6e1efcd03257ed74d2",
                "shasum": ""
            },
            "require": {
                "kornrunner/keccak": "^1.0",
                "kornrunner/rlp": "^0.3",
                "kornrunner/secp256k1": "^0.3",
                "php": ">=8.1"
            },
            "require-dev": {
                "phpunit/phpunit": "^9"
            },
            "type": "library",
            "autoload": {
                "psr-4": {
                    "kornrunner\\": "src"
                }
            },
            "notification-url": "https://packagist.org/downloads/",
            "license": [
                "MIT"
            ],
            "authors": [
                {
                    "name": "Boris Momcilovic",
                    "homepage": "https://github.com/kornrunner/php-ethereum-offline-tx"
                }
            ],
            "description": "Pure PHP Ethereum Offline Raw Transaction Signer",
            "keywords": [
                "eth",
                "ethereum",
                "offline",
                "transaction",
                "tx"
            ],
            "support": {
                "issues": "https://github.com/kornrunner/php-ethereum-offline-raw-tx/issues",
                "source": "https://github.com/kornrunner/php-ethereum-offline-raw-tx/tree/0.8.0"
            },
            "time": "2024-07-23T21:31:14+00:00"
        },
        {
            "name": "kornrunner/keccak",
            "version": "1.1.0",
            "source": {
                "type": "git",
                "url": "https://github.com/kornrunner/php-keccak.git",
                "reference": "433749d28e117fb97baf9f2631b92b5d9ab3c890"
            },
            "dist": {
                "type": "zip",
                "url": "https://api.github.com/repos/kornrunner/php-keccak/zipball/433749d28e117fb97baf9f2631b92b5d9ab3c890",
                "reference": "433749d28e117fb97baf9f2631b92b5d9ab3c890",
                "shasum": ""
            },
            "require": {
                "php": ">=7.3",
                "symfony/polyfill-mbstring": "^1.8"
            },
            "require-dev": {
                "phpunit/phpunit": "^8.2"
            },
            "type": "library",
            "autoload": {
                "psr-4": {
                    "kornrunner\\": "src"
                }
            },
            "notification-url": "https://packagist.org/downloads/",
            "license": [
                "MIT"
            ],
            "authors": [
                {
                    "name": "Boris Momcilovic",
                    "homepage": "https://github.com/kornrunner/php-keccak"
                }
            ],
            "description": "Pure PHP implementation of Keccak",
            "keywords": [
                "keccak",
                "sha-3",
                "sha3-256"
            ],
            "support": {
                "issues": "https://github.com/kornrunner/php-keccak/issues",
                "source": "https://github.com/kornrunner/php-keccak/tree/1.1.0"
            },
            "time": "2020-12-07T15:40:44+00:00"
        },
        {
            "name": "kornrunner/rlp",
            "version": "0.3.6",
            "source": {
                "type": "git",
                "url": "https://github.com/kornrunner/rlp.git",
                "reference": "39a075058ef2f3df8484be63161754ab60fff74c"
            },
            "dist": {
                "type": "zip",
                "url": "https://api.github.com/repos/kornrunner/rlp/zipball/39a075058ef2f3df8484be63161754ab60fff74c",
                "reference": "39a075058ef2f3df8484be63161754ab60fff74c",
                "shasum": ""
            },
            "require": {
                "ext-mbstring": "*",
                "php": "^7.1 | ^8.0 | ^8.1 | ^8.2"
            },
            "require-dev": {
                "phpunit/phpunit": "~7|~8.0|~9.0"
            },
            "type": "library",
            "autoload": {
                "psr-4": {
                    "kornrunner\\RLP\\": "src/"
                }
            },
            "notification-url": "https://packagist.org/downloads/",
            "license": [
                "MIT"
            ],
            "authors": [
                {
                    "name": "sc0Vu",
                    "email": "alk03073135@gmail.com"
                }
            ],
            "description": "Recursive Length Prefix Encoding in PHP.",
            "support": {
                "source": "https://github.com/kornrunner/rlp/tree/0.3.6"
            },
            "time": "2023-02-09T21:54:06+00:00"
        },
        {
            "name": "kornrunner/secp256k1",
            "version": "0.3.0",
            "source": {
                "type": "git",
                "url": "https://github.com/kornrunner/php-secp256k1.git",
                "reference": "0cfc81c5a1aae3f654ad34ee9d77f0bb9bdde2ef"
            },
            "dist": {
                "type": "zip",
                "url": "https://api.github.com/repos/kornrunner/php-secp256k1/zipball/0cfc81c5a1aae3f654ad34ee9d77f0bb9bdde2ef",
                "reference": "0cfc81c5a1aae3f654ad34ee9d77f0bb9bdde2ef",
                "shasum": ""
            },
            "require": {
                "paragonie/ecc": "^2",
                "php": ">=8.1"
            },
            "require-dev": {
                "phpunit/phpunit": "^9"
            },
            "type": "library",
            "autoload": {
                "psr-4": {
                    "kornrunner\\": "src/"
                }
            },
            "notification-url": "https://packagist.org/downloads/",
            "license": [
                "MIT"
            ],
            "authors": [
                {
                    "name": "Boris Momčilović",
                    "email": "boris.momcilovic@gmail.com"
                }
            ],
            "description": "Pure PHP secp256k1",
            "keywords": [
                "curve",
                "ecc",
                "elliptic",
                "secp256k1"
            ],
            "support": {
                "issues": "https://github.com/kornrunner/php-secp256k1/issues",
                "source": "https://github.com/kornrunner/php-secp256k1/tree/0.3.0"
            },
            "time": "2024-04-25T09:22:43+00:00"
        },
        {
            "name": "mdanter/ecc",
            "version": "v1.0.0",
            "source": {
                "type": "git",
                "url": "https://github.com/phpecc/phpecc.git",
                "reference": "34e2eec096bf3dcda814e8f66dd91ae87a2db7cd"
            },
            "dist": {
                "type": "zip",
                "url": "https://api.github.com/repos/phpecc/phpecc/zipball/34e2eec096bf3dcda814e8f66dd91ae87a2db7cd",
                "reference": "34e2eec096bf3dcda814e8f66dd91ae87a2db7cd",
                "shasum": ""
            },
            "require": {
                "ext-gmp": "*",
                "fgrosse/phpasn1": "^2.0",
                "php": "^7.0||^8.0"
            },
            "require-dev": {
                "phpunit/phpunit": "^6.0||^8.0||^9.0",
                "squizlabs/php_codesniffer": "^2.0",
                "symfony/yaml": "^2.6|^3.0"
            },
            "type": "library",
            "autoload": {
                "psr-4": {
                    "Mdanter\\Ecc\\": "src/"
                }
            },
            "notification-url": "https://packagist.org/downloads/",
            "license": [
                "MIT"
            ],
            "authors": [
                {
                    "name": "Matyas Danter",
                    "homepage": "http://matejdanter.com/",
                    "role": "Author"
                },
                {
                    "name": "Thibaud Fabre",
                    "email": "thibaud@aztech.io",
                    "homepage": "http://aztech.io",
                    "role": "Maintainer"
                },
                {
                    "name": "Thomas Kerin",
                    "email": "afk11@users.noreply.github.com",
                    "role": "Maintainer"
                }
            ],
            "description": "PHP Elliptic Curve Cryptography library",
            "homepage": "https://github.com/phpecc/phpecc",
            "keywords": [
                "Diffie",
                "ECDSA",
                "Hellman",
                "curve",
                "ecdh",
                "elliptic",
                "nistp192",
                "nistp224",
                "nistp256",
                "nistp384",
                "nistp521",
                "phpecc",
                "secp256k1",
                "secp256r1"
            ],
            "support": {
                "issues": "https://github.com/phpecc/phpecc/issues",
                "source": "https://github.com/phpecc/phpecc/tree/v1.0.0"
            },
            "abandoned": "paragonie/ecc",
            "time": "2021-01-16T19:42:14+00:00"
        },
        {
            "name": "minter/minter-php-bip-44",
            "version": "v1.2.0",
            "source": {
                "type": "git",
                "url": "https://github.com/MinterTeam/minter-php-bip-44.git",
                "reference": "755328dad0a28500244730c5eb7ff71eba1c4111"
            },
            "dist": {
                "type": "zip",
                "url": "https://api.github.com/repos/MinterTeam/minter-php-bip-44/zipball/755328dad0a28500244730c5eb7ff71eba1c4111",
                "reference": "755328dad0a28500244730c5eb7ff71eba1c4111",
                "shasum": ""
            },
            "require": {
                "php": "^7.1.3|^8.0",
                "simplito/elliptic-php": "1.0.6"
            },
            "require-dev": {
                "phpunit/phpunit": "^7|^9.5"
            },
            "type": "library",
            "autoload": {
                "psr-0": {
                    "BIP\\": "src"
                }
            },
            "notification-url": "https://packagist.org/downloads/",
            "support": {
                "issues": "https://github.com/MinterTeam/minter-php-bip-44/issues",
                "source": "https://github.com/MinterTeam/minter-php-bip-44/tree/v1.2.0"
            },
            "time": "2021-03-25T10:10:28+00:00"
        },
        {
            "name": "paragonie/ecc",
            "version": "v2.4.0",
            "source": {
                "type": "git",
                "url": "https://github.com/paragonie/phpecc.git",
                "reference": "fdba22a506492eb6e5fe38c501c0df61eaf0b54c"
            },
            "dist": {
                "type": "zip",
                "url": "https://api.github.com/repos/paragonie/phpecc/zipball/fdba22a506492eb6e5fe38c501c0df61eaf0b54c",
                "reference": "fdba22a506492eb6e5fe38c501c0df61eaf0b54c",
                "shasum": ""
            },
            "require": {
                "ext-gmp": "*",
                "genkgo/php-asn1": "^2",
                "paragonie/sodium_compat": "^1|^2",
                "php": "^7.1||^8.0"
            },
            "require-dev": {
                "ext-json": "*",
                "phpunit/phpunit": "^6|^7|^8|^9",
                "squizlabs/php_codesniffer": "^2|^3",
                "symfony/yaml": "^2.6|^3.0|^4",
                "vimeo/psalm": "^2|^3|^4|^5"
            },
            "suggest": {
                "ext-openssl": "(PHP 8.1, OpenSSL 3+) Improved performance, less worries about side-channels"
            },
            "type": "library",
            "autoload": {
                "psr-4": {
                    "Mdanter\\Ecc\\": "src/"
                }
            },
            "notification-url": "https://packagist.org/downloads/",
            "license": [
                "MIT"
            ],
            "authors": [
                {
                    "name": "Paragon Initiative Enterprises",
                    "email": "security@paragonie.com",
                    "homepage": "https://paragonie.com",
                    "role": "New Maintainer"
                },
                {
                    "name": "Matyas Danter",
                    "homepage": "http://matejdanter.com/",
                    "role": "Previous Author"
                },
                {
                    "name": "Thibaud Fabre",
                    "email": "thibaud@aztech.io",
                    "homepage": "http://aztech.io",
                    "role": "Previous Maintainer"
                },
                {
                    "name": "Thomas Kerin",
                    "email": "afk11@users.noreply.github.com",
                    "role": "Previous Maintainer"
                }
            ],
            "description": "PHP Elliptic Curve Cryptography library",
            "homepage": "https://github.com/phpecc/phpecc",
            "keywords": [
                "Diffie",
                "ECDSA",
                "Hellman",
                "curve",
                "ecdh",
                "elliptic",
                "nistp192",
                "nistp224",
                "nistp256",
                "nistp384",
                "nistp521",
                "phpecc",
                "secp256k1",
                "secp256r1"
            ],
            "support": {
                "issues": "https://github.com/paragonie/phpecc/issues",
                "source": "https://github.com/paragonie/phpecc/tree/v2.4.0"
            },
            "time": "2025-01-21T17:53:03+00:00"
        },
        {
            "name": "paragonie/sodium_compat",
            "version": "v2.1.0",
            "source": {
                "type": "git",
                "url": "https://github.com/paragonie/sodium_compat.git",
                "reference": "a673d5f310477027cead2e2f2b6db5d8368157cb"
            },
            "dist": {
                "type": "zip",
                "url": "https://api.github.com/repos/paragonie/sodium_compat/zipball/a673d5f310477027cead2e2f2b6db5d8368157cb",
                "reference": "a673d5f310477027cead2e2f2b6db5d8368157cb",
                "shasum": ""
            },
            "require": {
                "php": "^8.1",
                "php-64bit": "*"
            },
            "require-dev": {
                "phpunit/phpunit": "^7|^8|^9",
                "vimeo/psalm": "^4|^5"
            },
            "suggest": {
                "ext-sodium": "Better performance, password hashing (Argon2i), secure memory management (memzero), and better security."
            },
            "type": "library",
            "extra": {
                "branch-alias": {
                    "dev-master": "2.0.x-dev"
                }
            },
            "autoload": {
                "files": [
                    "autoload.php"
                ]
            },
            "notification-url": "https://packagist.org/downloads/",
            "license": [
                "ISC"
            ],
            "authors": [
                {
                    "name": "Paragon Initiative Enterprises",
                    "email": "security@paragonie.com"
                },
                {
                    "name": "Frank Denis",
                    "email": "jedisct1@pureftpd.org"
                }
            ],
            "description": "Pure PHP implementation of libsodium; uses the PHP extension if it exists",
            "keywords": [
                "Authentication",
                "BLAKE2b",
                "ChaCha20",
                "ChaCha20-Poly1305",
                "Chapoly",
                "Curve25519",
                "Ed25519",
                "EdDSA",
                "Edwards-curve Digital Signature Algorithm",
                "Elliptic Curve Diffie-Hellman",
                "Poly1305",
                "Pure-PHP cryptography",
                "RFC 7748",
                "RFC 8032",
                "Salpoly",
                "Salsa20",
                "X25519",
                "XChaCha20-Poly1305",
                "XSalsa20-Poly1305",
                "Xchacha20",
                "Xsalsa20",
                "aead",
                "cryptography",
                "ecdh",
                "elliptic curve",
                "elliptic curve cryptography",
                "encryption",
                "libsodium",
                "php",
                "public-key cryptography",
                "secret-key cryptography",
                "side-channel resistant"
            ],
            "support": {
                "issues": "https://github.com/paragonie/sodium_compat/issues",
                "source": "https://github.com/paragonie/sodium_compat/tree/v2.1.0"
            },
            "time": "2024-09-04T12:51:01+00:00"
        },
        {
            "name": "psr/container",
            "version": "2.0.2",
            "source": {
                "type": "git",
                "url": "https://github.com/php-fig/container.git",
                "reference": "c71ecc56dfe541dbd90c5360474fbc405f8d5963"
            },
            "dist": {
                "type": "zip",
                "url": "https://api.github.com/repos/php-fig/container/zipball/c71ecc56dfe541dbd90c5360474fbc405f8d5963",
                "reference": "c71ecc56dfe541dbd90c5360474fbc405f8d5963",
                "shasum": ""
            },
            "require": {
                "php": ">=7.4.0"
            },
            "type": "library",
            "extra": {
                "branch-alias": {
                    "dev-master": "2.0.x-dev"
                }
            },
            "autoload": {
                "psr-4": {
                    "Psr\\Container\\": "src/"
                }
            },
            "notification-url": "https://packagist.org/downloads/",
            "license": [
                "MIT"
            ],
            "authors": [
                {
                    "name": "PHP-FIG",
                    "homepage": "https://www.php-fig.org/"
                }
            ],
            "description": "Common Container Interface (PHP FIG PSR-11)",
            "homepage": "https://github.com/php-fig/container",
            "keywords": [
                "PSR-11",
                "container",
                "container-interface",
                "container-interop",
                "psr"
            ],
            "support": {
                "issues": "https://github.com/php-fig/container/issues",
                "source": "https://github.com/php-fig/container/tree/2.0.2"
            },
            "time": "2021-11-05T16:47:00+00:00"
        },
        {
            "name": "psr/simple-cache",
            "version": "3.0.0",
            "source": {
                "type": "git",
                "url": "https://github.com/php-fig/simple-cache.git",
                "reference": "764e0b3939f5ca87cb904f570ef9be2d78a07865"
            },
            "dist": {
                "type": "zip",
                "url": "https://api.github.com/repos/php-fig/simple-cache/zipball/764e0b3939f5ca87cb904f570ef9be2d78a07865",
                "reference": "764e0b3939f5ca87cb904f570ef9be2d78a07865",
                "shasum": ""
            },
            "require": {
                "php": ">=8.0.0"
            },
            "type": "library",
            "extra": {
                "branch-alias": {
                    "dev-master": "3.0.x-dev"
                }
            },
            "autoload": {
                "psr-4": {
                    "Psr\\SimpleCache\\": "src/"
                }
            },
            "notification-url": "https://packagist.org/downloads/",
            "license": [
                "MIT"
            ],
            "authors": [
                {
                    "name": "PHP-FIG",
                    "homepage": "https://www.php-fig.org/"
                }
            ],
            "description": "Common interfaces for simple caching",
            "keywords": [
                "cache",
                "caching",
                "psr",
                "psr-16",
                "simple-cache"
            ],
            "support": {
                "source": "https://github.com/php-fig/simple-cache/tree/3.0.0"
            },
            "time": "2021-10-29T13:26:27+00:00"
        },
        {
            "name": "simplito/bigint-wrapper-php",
            "version": "1.0.0",
            "source": {
                "type": "git",
                "url": "https://github.com/simplito/bigint-wrapper-php.git",
                "reference": "cf21ec76d33f103add487b3eadbd9f5033a25930"
            },
            "dist": {
                "type": "zip",
                "url": "https://api.github.com/repos/simplito/bigint-wrapper-php/zipball/cf21ec76d33f103add487b3eadbd9f5033a25930",
                "reference": "cf21ec76d33f103add487b3eadbd9f5033a25930",
                "shasum": ""
            },
            "type": "library",
            "autoload": {
                "psr-4": {
                    "BI\\": "lib/"
                }
            },
            "notification-url": "https://packagist.org/downloads/",
            "license": [
                "MIT"
            ],
            "authors": [
                {
                    "name": "Simplito Team",
                    "email": "s.smyczynski@simplito.com",
                    "homepage": "https://simplito.com"
                }
            ],
            "description": "Common interface for php_gmp and php_bcmath modules",
            "support": {
                "issues": "https://github.com/simplito/bigint-wrapper-php/issues",
                "source": "https://github.com/simplito/bigint-wrapper-php/tree/1.0.0"
            },
            "time": "2018-02-27T12:38:08+00:00"
        },
        {
            "name": "simplito/bn-php",
            "version": "1.1.4",
            "source": {
                "type": "git",
                "url": "https://github.com/simplito/bn-php.git",
                "reference": "83446756a81720eacc2ffb87ff97958431451fd6"
            },
            "dist": {
                "type": "zip",
                "url": "https://api.github.com/repos/simplito/bn-php/zipball/83446756a81720eacc2ffb87ff97958431451fd6",
                "reference": "83446756a81720eacc2ffb87ff97958431451fd6",
                "shasum": ""
            },
            "require": {
                "simplito/bigint-wrapper-php": "~1.0.0"
            },
            "require-dev": {
                "phpunit/phpunit": "*"
            },
            "type": "library",
            "autoload": {
                "psr-4": {
                    "BN\\": "lib/"
                }
            },
            "notification-url": "https://packagist.org/downloads/",
            "license": [
                "MIT"
            ],
            "authors": [
                {
                    "name": "Simplito Team",
                    "email": "s.smyczynski@simplito.com",
                    "homepage": "https://simplito.com"
                }
            ],
            "description": "Big number implementation compatible with bn.js",
            "support": {
                "issues": "https://github.com/simplito/bn-php/issues",
                "source": "https://github.com/simplito/bn-php/tree/1.1.4"
            },
            "time": "2024-01-10T16:16:59+00:00"
        },
        {
            "name": "simplito/elliptic-php",
            "version": "1.0.6",
            "source": {
                "type": "git",
                "url": "https://github.com/simplito/elliptic-php.git",
                "reference": "15652609aa55968d56685c2a9120535ccdc00fd9"
            },
            "dist": {
                "type": "zip",
                "url": "https://api.github.com/repos/simplito/elliptic-php/zipball/15652609aa55968d56685c2a9120535ccdc00fd9",
                "reference": "15652609aa55968d56685c2a9120535ccdc00fd9",
                "shasum": ""
            },
            "require": {
                "ext-gmp": "*",
                "simplito/bn-php": "~1.1.0"
            },
            "require-dev": {
                "phpbench/phpbench": "@dev",
                "phpunit/phpunit": "*"
            },
            "type": "library",
            "autoload": {
                "psr-4": {
                    "Elliptic\\": "lib/"
                }
            },
            "notification-url": "https://packagist.org/downloads/",
            "license": [
                "MIT"
            ],
            "authors": [
                {
                    "name": "Simplito Team",
                    "email": "s.smyczynski@simplito.com",
                    "homepage": "https://simplito.com"
                }
            ],
            "description": "Fast elliptic curve cryptography",
            "homepage": "https://github.com/simplito/elliptic-php",
            "keywords": [
                "Curve25519",
                "ECDSA",
                "Ed25519",
                "EdDSA",
                "cryptography",
                "curve",
                "ecc",
                "ecdh",
                "elliptic",
                "nistp192",
                "nistp224",
                "nistp256",
                "nistp384",
                "nistp521",
                "secp256k1"
            ],
            "support": {
                "issues": "https://github.com/simplito/elliptic-php/issues",
                "source": "https://github.com/simplito/elliptic-php/tree/1.0.6"
            },
            "time": "2019-11-14T13:43:07+00:00"
        },
        {
            "name": "spatie/laravel-package-tools",
            "version": "1.92.4",
            "source": {
                "type": "git",
                "url": "https://github.com/spatie/laravel-package-tools.git",
                "reference": "d20b1969f836d210459b78683d85c9cd5c5f508c"
            },
            "dist": {
                "type": "zip",
                "url": "https://api.github.com/repos/spatie/laravel-package-tools/zipball/d20b1969f836d210459b78683d85c9cd5c5f508c",
                "reference": "d20b1969f836d210459b78683d85c9cd5c5f508c",
                "shasum": ""
            },
            "require": {
                "illuminate/contracts": "^9.28|^10.0|^11.0|^12.0",
                "php": "^8.0"
            },
            "require-dev": {
                "mockery/mockery": "^1.5",
                "orchestra/testbench": "^7.7|^8.0|^9.0|^10.0",
                "pestphp/pest": "^1.23|^2.1|^3.1",
                "phpunit/php-code-coverage": "^9.0|^10.0|^11.0",
                "phpunit/phpunit": "^9.5.24|^10.5|^11.5",
                "spatie/pest-plugin-test-time": "^1.1|^2.2"
            },
            "type": "library",
            "autoload": {
                "psr-4": {
                    "Spatie\\LaravelPackageTools\\": "src"
                }
            },
            "notification-url": "https://packagist.org/downloads/",
            "license": [
                "MIT"
            ],
            "authors": [
                {
                    "name": "Freek Van der Herten",
                    "email": "freek@spatie.be",
                    "role": "Developer"
                }
            ],
            "description": "Tools for creating Laravel packages",
            "homepage": "https://github.com/spatie/laravel-package-tools",
            "keywords": [
                "laravel-package-tools",
                "spatie"
            ],
            "support": {
                "issues": "https://github.com/spatie/laravel-package-tools/issues",
                "source": "https://github.com/spatie/laravel-package-tools/tree/1.92.4"
            },
            "funding": [
                {
                    "url": "https://github.com/spatie",
                    "type": "github"
                }
            ],
            "time": "2025-04-11T15:27:14+00:00"
        },
        {
            "name": "symfony/polyfill-mbstring",
            "version": "v1.32.0",
            "source": {
                "type": "git",
                "url": "https://github.com/symfony/polyfill-mbstring.git",
                "reference": "6d857f4d76bd4b343eac26d6b539585d2bc56493"
            },
            "dist": {
                "type": "zip",
                "url": "https://api.github.com/repos/symfony/polyfill-mbstring/zipball/6d857f4d76bd4b343eac26d6b539585d2bc56493",
                "reference": "6d857f4d76bd4b343eac26d6b539585d2bc56493",
                "shasum": ""
            },
            "require": {
                "ext-iconv": "*",
                "php": ">=7.2"
            },
            "provide": {
                "ext-mbstring": "*"
            },
            "suggest": {
                "ext-mbstring": "For best performance"
            },
            "type": "library",
            "extra": {
                "thanks": {
                    "url": "https://github.com/symfony/polyfill",
                    "name": "symfony/polyfill"
                }
            },
            "autoload": {
                "files": [
                    "bootstrap.php"
                ],
                "psr-4": {
                    "Symfony\\Polyfill\\Mbstring\\": ""
                }
            },
            "notification-url": "https://packagist.org/downloads/",
            "license": [
                "MIT"
            ],
            "authors": [
                {
                    "name": "Nicolas Grekas",
                    "email": "p@tchwork.com"
                },
                {
                    "name": "Symfony Community",
                    "homepage": "https://symfony.com/contributors"
                }
            ],
            "description": "Symfony polyfill for the Mbstring extension",
            "homepage": "https://symfony.com",
            "keywords": [
                "compatibility",
                "mbstring",
                "polyfill",
                "portable",
                "shim"
            ],
            "support": {
                "source": "https://github.com/symfony/polyfill-mbstring/tree/v1.32.0"
            },
            "funding": [
                {
                    "url": "https://symfony.com/sponsor",
                    "type": "custom"
                },
                {
                    "url": "https://github.com/fabpot",
                    "type": "github"
                },
                {
                    "url": "https://tidelift.com/funding/github/packagist/symfony/symfony",
                    "type": "tidelift"
                }
            ],
            "time": "2024-12-23T08:48:59+00:00"
        }
    ],
    "packages-dev": [],
    "aliases": [],
    "minimum-stability": "dev",
    "stability-flags": {},
    "prefer-stable": true,
    "prefer-lowest": false,
    "platform": {
        "php": "^8.2",
        "ext-gmp": "*"
    },
    "platform-dev": {},
    "plugin-api-version": "2.6.0"
}
